
Microsoft Visual Studio Solution File, Format Version 12.00
# Visual Studio Version 17
VisualStudioVersion = 17.6.33829.357
MinimumVisualStudioVersion = 10.0.40219.1
Project("{FAE04EC0-301F-11D3-BF4B-00C04F79EFBC}") = "ASPADODemo01A02", "ASPADODemo01A02\ASPADODemo01A02.csproj", "{595BA2F2-E457-4878-AE70-818E3F61CE3E}"
EndProject
Global
	GlobalSection(SolutionConfigurationPlatforms) = preSolution
		Debug|Any CPU = Debug|Any CPU
		Release|Any CPU = Release|Any CPU
	EndGlobalSection
	GlobalSection(ProjectConfigurationPlatforms) = postSolution
		{595BA2F2-E457-4878-AE70-818E3F61CE3E}.Debug|Any CPU.ActiveCfg = Debug|Any CPU
		{595BA2F2-E457-4878-AE70-818E3F61CE3E}.Debug|Any CPU.Build.0 = Debug|Any CPU
		{595BA2F2-E457-4878-AE70-818E3F61CE3E}.Release|Any CPU.ActiveCfg = Release|Any CPU
		{595BA2F2-E457-4878-AE70-818E3F61CE3E}.Release|Any CPU.Build.0 = Release|Any CPU
	EndGlobalSection
	GlobalSection(SolutionProperties) = preSolution
		HideSolutionNode = FALSE
	EndGlobalSection
	GlobalSection(ExtensibilityGlobals) = postSolution
		SolutionGuid = {CD364731-8DDF-4845-A26F-813411C33677}
	EndGlobalSection
EndGlobal
