
Microsoft Visual Studio Solution File, Format Version 12.00
# Visual Studio Version 17
VisualStudioVersion = 17.6.33829.357
MinimumVisualStudioVersion = 10.0.40219.1
Project("{FAE04EC0-301F-11D3-BF4B-00C04F79EFBC}") = "ASPDemo011232A02", "ASPDemo011232A02\ASPDemo011232A02.csproj", "{F58B1A87-9E87-4EDC-A1E5-BD121FF6C9D3}"
EndProject
Global
	GlobalSection(SolutionConfigurationPlatforms) = preSolution
		Debug|Any CPU = Debug|Any CPU
		Release|Any CPU = Release|Any CPU
	EndGlobalSection
	GlobalSection(ProjectConfigurationPlatforms) = postSolution
		{F58B1A87-9E87-4EDC-A1E5-BD121FF6C9D3}.Debug|Any CPU.ActiveCfg = Debug|Any CPU
		{F58B1A87-9E87-4EDC-A1E5-BD121FF6C9D3}.Debug|Any CPU.Build.0 = Debug|Any CPU
		{F58B1A87-9E87-4EDC-A1E5-BD121FF6C9D3}.Release|Any CPU.ActiveCfg = Release|Any CPU
		{F58B1A87-9E87-4EDC-A1E5-BD121FF6C9D3}.Release|Any CPU.Build.0 = Release|Any CPU
	EndGlobalSection
	GlobalSection(SolutionProperties) = preSolution
		HideSolutionNode = FALSE
	EndGlobalSection
	GlobalSection(ExtensibilityGlobals) = postSolution
		SolutionGuid = {234B60EF-F12F-4480-B63A-332CC50A4B96}
	EndGlobalSection
EndGlobal
