
Microsoft Visual Studio Solution File, Format Version 12.00
# Visual Studio Version 17
VisualStudioVersion = 17.8.34322.80
MinimumVisualStudioVersion = 10.0.40219.1
Project("{FAE04EC0-301F-11D3-BF4B-00C04F79EFBC}") = "ica07", "ica07.csproj", "{D7309D9B-50D2-4EAF-A63E-036725AEF23F}"
EndProject
Global
	GlobalSection(SolutionConfigurationPlatforms) = preSolution
		Debug|Any CPU = Debug|Any CPU
		Release|Any CPU = Release|Any CPU
	EndGlobalSection
	GlobalSection(ProjectConfigurationPlatforms) = postSolution
		{D7309D9B-50D2-4EAF-A63E-036725AEF23F}.Debug|Any CPU.ActiveCfg = Debug|Any CPU
		{D7309D9B-50D2-4EAF-A63E-036725AEF23F}.Debug|Any CPU.Build.0 = Debug|Any CPU
		{D7309D9B-50D2-4EAF-A63E-036725AEF23F}.Release|Any CPU.ActiveCfg = Release|Any CPU
		{D7309D9B-50D2-4EAF-A63E-036725AEF23F}.Release|Any CPU.Build.0 = Release|Any CPU
	EndGlobalSection
	GlobalSection(SolutionProperties) = preSolution
		HideSolutionNode = FALSE
	EndGlobalSection
	GlobalSection(ExtensibilityGlobals) = postSolution
		SolutionGuid = {68297DC0-B9A0-4CE5-88B8-2578A7C15756}
	EndGlobalSection
EndGlobal
