
Microsoft Visual Studio Solution File, Format Version 12.00
# Visual Studio Version 17
VisualStudioVersion = 17.6.33829.357
MinimumVisualStudioVersion = 10.0.40219.1
Project("{FAE04EC0-301F-11D3-BF4B-00C04F79EFBC}") = "ASPEFA02DEMO01", "ASPEFA02DEMO01\ASPEFA02DEMO01.csproj", "{6B9EB2A5-E928-45FE-8A26-267E8D5FCC9F}"
EndProject
Global
	GlobalSection(SolutionConfigurationPlatforms) = preSolution
		Debug|Any CPU = Debug|Any CPU
		Release|Any CPU = Release|Any CPU
	EndGlobalSection
	GlobalSection(ProjectConfigurationPlatforms) = postSolution
		{6B9EB2A5-E928-45FE-8A26-267E8D5FCC9F}.Debug|Any CPU.ActiveCfg = Debug|Any CPU
		{6B9EB2A5-E928-45FE-8A26-267E8D5FCC9F}.Debug|Any CPU.Build.0 = Debug|Any CPU
		{6B9EB2A5-E928-45FE-8A26-267E8D5FCC9F}.Release|Any CPU.ActiveCfg = Release|Any CPU
		{6B9EB2A5-E928-45FE-8A26-267E8D5FCC9F}.Release|Any CPU.Build.0 = Release|Any CPU
	EndGlobalSection
	GlobalSection(SolutionProperties) = preSolution
		HideSolutionNode = FALSE
	EndGlobalSection
	GlobalSection(ExtensibilityGlobals) = postSolution
		SolutionGuid = {16B407C4-17B8-461F-A4FF-2F2F3312FC24}
	EndGlobalSection
EndGlobal
